
Microsoft Visual Studio Solution File, Format Version 12.00
# Visual Studio Version 17
VisualStudioVersion = 17.10.35013.160
MinimumVisualStudioVersion = 10.0.40219.1
Project("{FAE04EC0-301F-11D3-BF4B-00C04F79EFBC}") = "Linq", "Linq\Linq.csproj", "{B3785204-0897-48A7-9565-2C8288DD9C44}"
EndProject
Global
	GlobalSection(SolutionConfigurationPlatforms) = preSolution
		Debug|Any CPU = Debug|Any CPU
		Release|Any CPU = Release|Any CPU
	EndGlobalSection
	GlobalSection(ProjectConfigurationPlatforms) = postSolution
		{B3785204-0897-48A7-9565-2C8288DD9C44}.Debug|Any CPU.ActiveCfg = Debug|Any CPU
		{B3785204-0897-48A7-9565-2C8288DD9C44}.Debug|Any CPU.Build.0 = Debug|Any CPU
		{B3785204-0897-48A7-9565-2C8288DD9C44}.Release|Any CPU.ActiveCfg = Release|Any CPU
		{B3785204-0897-48A7-9565-2C8288DD9C44}.Release|Any CPU.Build.0 = Release|Any CPU
	EndGlobalSection
	GlobalSection(SolutionProperties) = preSolution
		HideSolutionNode = FALSE
	EndGlobalSection
	GlobalSection(ExtensibilityGlobals) = postSolution
		SolutionGuid = {30C45FAC-383D-43BE-8192-6070FA32D586}
	EndGlobalSection
EndGlobal
