
Microsoft Visual Studio Solution File, Format Version 12.00
# Visual Studio Version 17
VisualStudioVersion = 17.10.35013.160
MinimumVisualStudioVersion = 10.0.40219.1
Project("{FAE04EC0-301F-11D3-BF4B-00C04F79EFBC}") = "Employee Collection Leave", "Employee Collection Leave\Employee Collection Leave.csproj", "{4D2E29F2-6110-4CDE-AA77-EFF40A11C002}"
EndProject
Global
	GlobalSection(SolutionConfigurationPlatforms) = preSolution
		Debug|Any CPU = Debug|Any CPU
		Release|Any CPU = Release|Any CPU
	EndGlobalSection
	GlobalSection(ProjectConfigurationPlatforms) = postSolution
		{4D2E29F2-6110-4CDE-AA77-EFF40A11C002}.Debug|Any CPU.ActiveCfg = Debug|Any CPU
		{4D2E29F2-6110-4CDE-AA77-EFF40A11C002}.Debug|Any CPU.Build.0 = Debug|Any CPU
		{4D2E29F2-6110-4CDE-AA77-EFF40A11C002}.Release|Any CPU.ActiveCfg = Release|Any CPU
		{4D2E29F2-6110-4CDE-AA77-EFF40A11C002}.Release|Any CPU.Build.0 = Release|Any CPU
	EndGlobalSection
	GlobalSection(SolutionProperties) = preSolution
		HideSolutionNode = FALSE
	EndGlobalSection
	GlobalSection(ExtensibilityGlobals) = postSolution
		SolutionGuid = {CD485B8F-AEE5-4AF1-90A8-F7933FE60F83}
	EndGlobalSection
EndGlobal
